// !$*UTF8*$!
{
	archiveVersion = 1;
	classes = {
	};
	objectVersion = 50;
	objects = {

/* Begin PBXBuildFile section */
		CBE77AC925588B2C00FBCCCB /* OnboardingDemoApp.swift in Sources */ = {isa = PBXBuildFile; fileRef = CBE77AC825588B2C00FBCCCB /* OnboardingDemoApp.swift */; };
		CBE77ACD25588B2E00FBCCCB /* Assets.xcassets in Resources */ = {isa = PBXBuildFile; fileRef = CBE77ACC25588B2E00FBCCCB /* Assets.xcassets */; };
		CBE77AD025588B2E00FBCCCB /* Preview Assets.xcassets in Resources */ = {isa = PBXBuildFile; fileRef = CBE77ACF25588B2E00FBCCCB /* Preview Assets.xcassets */; };
		CBE77AD925588B6600FBCCCB /* OnboardingState.swift in Sources */ = {isa = PBXBuildFile; fileRef = CBE77AD825588B6600FBCCCB /* OnboardingState.swift */; };
		CBE77ADC25588C3B00FBCCCB /* AppState.swift in Sources */ = {isa = PBXBuildFile; fileRef = CBE77ADB25588C3B00FBCCCB /* AppState.swift */; };
		CBE77ADF25588CE400FBCCCB /* DispatchView.swift in Sources */ = {isa = PBXBuildFile; fileRef = CBE77ADE25588CE400FBCCCB /* DispatchView.swift */; };
		CBE77AE225588DAA00FBCCCB /* LoginView.swift in Sources */ = {isa = PBXBuildFile; fileRef = CBE77AE125588DAA00FBCCCB /* LoginView.swift */; };
		CBE77AE525588E2000FBCCCB /* OnboardingView.swift in Sources */ = {isa = PBXBuildFile; fileRef = CBE77AE425588E2000FBCCCB /* OnboardingView.swift */; };
		CBE77AEA2558968E00FBCCCB /* HomeView.swift in Sources */ = {isa = PBXBuildFile; fileRef = CBE77AE92558968E00FBCCCB /* HomeView.swift */; };
/* End PBXBuildFile section */

/* Begin PBXFileReference section */
		CBE77AC525588B2C00FBCCCB /* OnboardingDemo.app */ = {isa = PBXFileReference; explicitFileType = wrapper.application; includeInIndex = 0; path = OnboardingDemo.app; sourceTree = BUILT_PRODUCTS_DIR; };
		CBE77AC825588B2C00FBCCCB /* OnboardingDemoApp.swift */ = {isa = PBXFileReference; lastKnownFileType = sourcecode.swift; path = OnboardingDemoApp.swift; sourceTree = "<group>"; };
		CBE77ACC25588B2E00FBCCCB /* Assets.xcassets */ = {isa = PBXFileReference; lastKnownFileType = folder.assetcatalog; path = Assets.xcassets; sourceTree = "<group>"; };
		CBE77ACF25588B2E00FBCCCB /* Preview Assets.xcassets */ = {isa = PBXFileReference; lastKnownFileType = folder.assetcatalog; path = "Preview Assets.xcassets"; sourceTree = "<group>"; };
		CBE77AD125588B2E00FBCCCB /* Info.plist */ = {isa = PBXFileReference; lastKnownFileType = text.plist.xml; path = Info.plist; sourceTree = "<group>"; };
		CBE77AD825588B6600FBCCCB /* OnboardingState.swift */ = {isa = PBXFileReference; lastKnownFileType = sourcecode.swift; path = OnboardingState.swift; sourceTree = "<group>"; };
		CBE77ADB25588C3B00FBCCCB /* AppState.swift */ = {isa = PBXFileReference; lastKnownFileType = sourcecode.swift; path = AppState.swift; sourceTree = "<group>"; };
		CBE77ADE25588CE400FBCCCB /* DispatchView.swift */ = {isa = PBXFileReference; lastKnownFileType = sourcecode.swift; path = DispatchView.swift; sourceTree = "<group>"; };
		CBE77AE125588DAA00FBCCCB /* LoginView.swift */ = {isa = PBXFileReference; lastKnownFileType = sourcecode.swift; path = LoginView.swift; sourceTree = "<group>"; };
		CBE77AE425588E2000FBCCCB /* OnboardingView.swift */ = {isa = PBXFileReference; lastKnownFileType = sourcecode.swift; path = OnboardingView.swift; sourceTree = "<group>"; };
		CBE77AE92558968E00FBCCCB /* HomeView.swift */ = {isa = PBXFileReference; lastKnownFileType = sourcecode.swift; path = HomeView.swift; sourceTree = "<group>"; };
/* End PBXFileReference section */

/* Begin PBXFrameworksBuildPhase section */
		CBE77AC225588B2C00FBCCCB /* Frameworks */ = {
			isa = PBXFrameworksBuildPhase;
			buildActionMask = 2147483647;
			files = (
			);
			runOnlyForDeploymentPostprocessing = 0;
		};
/* End PBXFrameworksBuildPhase section */

/* Begin PBXGroup section */
		CBDFC047259C74AF00A24AEE /* States */ = {
			isa = PBXGroup;
			children = (
				CBE77ADB25588C3B00FBCCCB /* AppState.swift */,
				CBE77AD825588B6600FBCCCB /* OnboardingState.swift */,
			);
			path = States;
			sourceTree = "<group>";
		};
		CBDFC04C259C761400A24AEE /* Views */ = {
			isa = PBXGroup;
			children = (
				CBE77AE92558968E00FBCCCB /* HomeView.swift */,
				CBE77AE125588DAA00FBCCCB /* LoginView.swift */,
				CBE77ADE25588CE400FBCCCB /* DispatchView.swift */,
				CBE77AE425588E2000FBCCCB /* OnboardingView.swift */,
			);
			path = Views;
			sourceTree = "<group>";
		};
		CBE77ABC25588B2C00FBCCCB = {
			isa = PBXGroup;
			children = (
				CBE77AC725588B2C00FBCCCB /* OnboardingDemo */,
				CBE77AC625588B2C00FBCCCB /* Products */,
			);
			sourceTree = "<group>";
		};
		CBE77AC625588B2C00FBCCCB /* Products */ = {
			isa = PBXGroup;
			children = (
				CBE77AC525588B2C00FBCCCB /* OnboardingDemo.app */,
			);
			name = Products;
			sourceTree = "<group>";
		};
		CBE77AC725588B2C00FBCCCB /* OnboardingDemo */ = {
			isa = PBXGroup;
			children = (
				CBDFC04C259C761400A24AEE /* Views */,
				CBDFC047259C74AF00A24AEE /* States */,
				CBE77AC825588B2C00FBCCCB /* OnboardingDemoApp.swift */,
				CBE77ACC25588B2E00FBCCCB /* Assets.xcassets */,
				CBE77AD125588B2E00FBCCCB /* Info.plist */,
				CBE77ACE25588B2E00FBCCCB /* Preview Content */,
			);
			path = OnboardingDemo;
			sourceTree = "<group>";
		};
		CBE77ACE25588B2E00FBCCCB /* Preview Content */ = {
			isa = PBXGroup;
			children = (
				CBE77ACF25588B2E00FBCCCB /* Preview Assets.xcassets */,
			);
			path = "Preview Content";
			sourceTree = "<group>";
		};
/* End PBXGroup section */

/* Begin PBXNativeTarget section */
		CBE77AC425588B2C00FBCCCB /* OnboardingDemo */ = {
			isa = PBXNativeTarget;
			buildConfigurationList = CBE77AD425588B2E00FBCCCB /* Build configuration list for PBXNativeTarget "OnboardingDemo" */;
			buildPhases = (
				CBE77AC125588B2C00FBCCCB /* Sources */,
				CBE77AC225588B2C00FBCCCB /* Frameworks */,
				CBE77AC325588B2C00FBCCCB /* Resources */,
			);
			buildRules = (
			);
			dependencies = (
			);
			name = OnboardingDemo;
			productName = OnboardingDemo;
			productReference = CBE77AC525588B2C00FBCCCB /* OnboardingDemo.app */;
			productType = "com.apple.product-type.application";
		};
/* End PBXNativeTarget section */

/* Begin PBXProject section */
		CBE77ABD25588B2C00FBCCCB /* Project object */ = {
			isa = PBXProject;
			attributes = {
				LastSwiftUpdateCheck = 1200;
				LastUpgradeCheck = 1200;
				TargetAttributes = {
					CBE77AC425588B2C00FBCCCB = {
						CreatedOnToolsVersion = 12.0;
					};
				};
			};
			buildConfigurationList = CBE77AC025588B2C00FBCCCB /* Build configuration list for PBXProject "OnboardingDemo" */;
			compatibilityVersion = "Xcode 9.3";
			developmentRegion = en;
			hasScannedForEncodings = 0;
			knownRegions = (
				en,
				Base,
			);
			mainGroup = CBE77ABC25588B2C00FBCCCB;
			productRefGroup = CBE77AC625588B2C00FBCCCB /* Products */;
			projectDirPath = "";
			projectRoot = "";
			targets = (
				CBE77AC425588B2C00FBCCCB /* OnboardingDemo */,
			);
		};
/* End PBXProject section */

/* Begin PBXResourcesBuildPhase section */
		CBE77AC325588B2C00FBCCCB /* Resources */ = {
			isa = PBXResourcesBuildPhase;
			buildActionMask = 2147483647;
			files = (
				CBE77AD025588B2E00FBCCCB /* Preview Assets.xcassets in Resources */,
				CBE77ACD25588B2E00FBCCCB /* Assets.xcassets in Resources */,
			);
			runOnlyForDeploymentPostprocessing = 0;
		};
/* End PBXResourcesBuildPhase section */

/* Begin PBXSourcesBuildPhase section */
		CBE77AC125588B2C00FBCCCB /* Sources */ = {
			isa = PBXSourcesBuildPhase;
			buildActionMask = 2147483647;
			files = (
				CBE77AE225588DAA00FBCCCB /* LoginView.swift in Sources */,
				CBE77AD925588B6600FBCCCB /* OnboardingState.swift in Sources */,
				CBE77ADF25588CE400FBCCCB /* DispatchView.swift in Sources */,
				CBE77AC925588B2C00FBCCCB /* OnboardingDemoApp.swift in Sources */,
				CBE77AEA2558968E00FBCCCB /* HomeView.swift in Sources */,
				CBE77ADC25588C3B00FBCCCB /* AppState.swift in Sources */,
				CBE77AE525588E2000FBCCCB /* OnboardingView.swift in Sources */,
			);
			runOnlyForDeploymentPostprocessing = 0;
		};
/* End PBXSourcesBuildPhase section */

/* Begin XCBuildConfiguration section */
		CBE77AD225588B2E00FBCCCB /* Debug */ = {
			isa = XCBuildConfiguration;
			buildSettings = {
				ALWAYS_SEARCH_USER_PATHS = NO;
				CLANG_ANALYZER_NONNULL = YES;
				CLANG_ANALYZER_NUMBER_OBJECT_CONVERSION = YES_AGGRESSIVE;
				CLANG_CXX_LANGUAGE_STANDARD = "gnu++14";
				CLANG_CXX_LIBRARY = "libc++";
				CLANG_ENABLE_MODULES = YES;
				CLANG_ENABLE_OBJC_ARC = YES;
				CLANG_ENABLE_OBJC_WEAK = YES;
				CLANG_WARN_BLOCK_CAPTURE_AUTORELEASING = YES;
				CLANG_WARN_BOOL_CONVERSION = YES;
				CLANG_WARN_COMMA = YES;
				CLANG_WARN_CONSTANT_CONVERSION = YES;
				CLANG_WARN_DEPRECATED_OBJC_IMPLEMENTATIONS = YES;
				CLANG_WARN_DIRECT_OBJC_ISA_USAGE = YES_ERROR;
				CLANG_WARN_DOCUMENTATION_COMMENTS = YES;
				CLANG_WARN_EMPTY_BODY = YES;
				CLANG_WARN_ENUM_CONVERSION = YES;
				CLANG_WARN_INFINITE_RECURSION = YES;
				CLANG_WARN_INT_CONVERSION = YES;
				CLANG_WARN_NON_LITERAL_NULL_CONVERSION = YES;
				CLANG_WARN_OBJC_IMPLICIT_RETAIN_SELF = YES;
				CLANG_WARN_OBJC_LITERAL_CONVERSION = YES;
				CLANG_WARN_OBJC_ROOT_CLASS = YES_ERROR;
				CLANG_WARN_QUOTED_INCLUDE_IN_FRAMEWORK_HEADER = YES;
				CLANG_WARN_RANGE_LOOP_ANALYSIS = YES;
				CLANG_WARN_STRICT_PROTOTYPES = YES;
				CLANG_WARN_SUSPICIOUS_MOVE = YES;
				CLANG_WARN_UNGUARDED_AVAILABILITY = YES_AGGRESSIVE;
				CLANG_WARN_UNREACHABLE_CODE = YES;
				CLANG_WARN__DUPLICATE_METHOD_MATCH = YES;
				COPY_PHASE_STRIP = NO;
				DEBUG_INFORMATION_FORMAT = dwarf;
				ENABLE_STRICT_OBJC_MSGSEND = YES;
				ENABLE_TESTABILITY = YES;
				GCC_C_LANGUAGE_STANDARD = gnu11;
				GCC_DYNAMIC_NO_PIC = NO;
				GCC_NO_COMMON_BLOCKS = YES;
				GCC_OPTIMIZATION_LEVEL = 0;
				GCC_PREPROCESSOR_DEFINITIONS = (
					"DEBUG=1",
					"$(inherited)",
				);
				GCC_WARN_64_TO_32_BIT_CONVERSION = YES;
				GCC_WARN_ABOUT_RETURN_TYPE = YES_ERROR;
				GCC_WARN_UNDECLARED_SELECTOR = YES;
				GCC_WARN_UNINITIALIZED_AUTOS = YES_AGGRESSIVE;
				GCC_WARN_UNUSED_FUNCTION = YES;
				GCC_WARN_UNUSED_VARIABLE = YES;
				IPHONEOS_DEPLOYMENT_TARGET = 14.0;
				MTL_ENABLE_DEBUG_INFO = INCLUDE_SOURCE;
				MTL_FAST_MATH = YES;
				ONLY_ACTIVE_ARCH = YES;
				SDKROOT = iphoneos;
				SWIFT_ACTIVE_COMPILATION_CONDITIONS = DEBUG;
				SWIFT_OPTIMIZATION_LEVEL = "-Onone";
			};
			name = Debug;
		};
		CBE77AD325588B2E00FBCCCB /* Release */ = {
			isa = XCBuildConfiguration;
			buildSettings = {
				ALWAYS_SEARCH_USER_PATHS = NO;
				CLANG_ANALYZER_NONNULL = YES;
				CLANG_ANALYZER_NUMBER_OBJECT_CONVERSION = YES_AGGRESSIVE;
				CLANG_CXX_LANGUAGE_STANDARD = "gnu++14";
				CLANG_CXX_LIBRARY = "libc++";
				CLANG_ENABLE_MODULES = YES;
				CLANG_ENABLE_OBJC_ARC = YES;
				CLANG_ENABLE_OBJC_WEAK = YES;
				CLANG_WARN_BLOCK_CAPTURE_AUTORELEASING = YES;
				CLANG_WARN_BOOL_CONVERSION = YES;
				CLANG_WARN_COMMA = YES;
				CLANG_WARN_CONSTANT_CONVERSION = YES;
				CLANG_WARN_DEPRECATED_OBJC_IMPLEMENTATIONS = YES;
				CLANG_WARN_DIRECT_OBJC_ISA_USAGE = YES_ERROR;
				CLANG_WARN_DOCUMENTATION_COMMENTS = YES;
				CLANG_WARN_EMPTY_BODY = YES;
				CLANG_WARN_ENUM_CONVERSION = YES;
				CLANG_WARN_INFINITE_RECURSION = YES;
				CLANG_WARN_INT_CONVERSION = YES;
				CLANG_WARN_NON_LITERAL_NULL_CONVERSION = YES;
				CLANG_WARN_OBJC_IMPLICIT_RETAIN_SELF = YES;
				CLANG_WARN_OBJC_LITERAL_CONVERSION = YES;
				CLANG_WARN_OBJC_ROOT_CLASS = YES_ERROR;
				CLANG_WARN_QUOTED_INCLUDE_IN_FRAMEWORK_HEADER = YES;
				CLANG_WARN_RANGE_LOOP_ANALYSIS = YES;
				CLANG_WARN_STRICT_PROTOTYPES = YES;
				CLANG_WARN_SUSPICIOUS_MOVE = YES;
				CLANG_WARN_UNGUARDED_AVAILABILITY = YES_AGGRESSIVE;
				CLANG_WARN_UNREACHABLE_CODE = YES;
				CLANG_WARN__DUPLICATE_METHOD_MATCH = YES;
				COPY_PHASE_STRIP = NO;
				DEBUG_INFORMATION_FORMAT = "dwarf-with-dsym";
				ENABLE_NS_ASSERTIONS = NO;
				ENABLE_STRICT_OBJC_MSGSEND = YES;
				GCC_C_LANGUAGE_STANDARD = gnu11;
				GCC_NO_COMMON_BLOCKS = YES;
				GCC_WARN_64_TO_32_BIT_CONVERSION = YES;
				GCC_WARN_ABOUT_RETURN_TYPE = YES_ERROR;
				GCC_WARN_UNDECLARED_SELECTOR = YES;
				GCC_WARN_UNINITIALIZED_AUTOS = YES_AGGRESSIVE;
				GCC_WARN_UNUSED_FUNCTION = YES;
				GCC_WARN_UNUSED_VARIABLE = YES;
				IPHONEOS_DEPLOYMENT_TARGET = 14.0;
				MTL_ENABLE_DEBUG_INFO = NO;
				MTL_FAST_MATH = YES;
				SDKROOT = iphoneos;
				SWIFT_COMPILATION_MODE = wholemodule;
				SWIFT_OPTIMIZATION_LEVEL = "-O";
				VALIDATE_PRODUCT = YES;
			};
			name = Release;
		};
		CBE77AD525588B2E00FBCCCB /* Debug */ = {
			isa = XCBuildConfiguration;
			buildSettings = {
				ASSETCATALOG_COMPILER_APPICON_NAME = AppIcon;
				ASSETCATALOG_COMPILER_GLOBAL_ACCENT_COLOR_NAME = AccentColor;
				CODE_SIGN_STYLE = Automatic;
				DEVELOPMENT_ASSET_PATHS = "\"OnboardingDemo/Preview Content\"";
				DEVELOPMENT_TEAM = K8M973GY56;
				ENABLE_PREVIEWS = YES;
				INFOPLIST_FILE = OnboardingDemo/Info.plist;
				IPHONEOS_DEPLOYMENT_TARGET = 14.0;
				LD_RUNPATH_SEARCH_PATHS = (
					"$(inherited)",
					"@executable_path/Frameworks",
				);
				PRODUCT_BUNDLE_IDENTIFIER = com.merouanebellaha.OnboardingDemo;
				PRODUCT_NAME = "$(TARGET_NAME)";
				SWIFT_VERSION = 5.0;
				TARGETED_DEVICE_FAMILY = "1,2";
			};
			name = Debug;
		};
		CBE77AD625588B2E00FBCCCB /* Release */ = {
			isa = XCBuildConfiguration;
			buildSettings = {
				ASSETCATALOG_COMPILER_APPICON_NAME = AppIcon;
				ASSETCATALOG_COMPILER_GLOBAL_ACCENT_COLOR_NAME = AccentColor;
				CODE_SIGN_STYLE = Automatic;
				DEVELOPMENT_ASSET_PATHS = "\"OnboardingDemo/Preview Content\"";
				DEVELOPMENT_TEAM = K8M973GY56;
				ENABLE_PREVIEWS = YES;
				INFOPLIST_FILE = OnboardingDemo/Info.plist;
				IPHONEOS_DEPLOYMENT_TARGET = 14.0;
				LD_RUNPATH_SEARCH_PATHS = (
					"$(inherited)",
					"@executable_path/Frameworks",
				);
				PRODUCT_BUNDLE_IDENTIFIER = com.merouanebellaha.OnboardingDemo;
				PRODUCT_NAME = "$(TARGET_NAME)";
				SWIFT_VERSION = 5.0;
				TARGETED_DEVICE_FAMILY = "1,2";
			};
			name = Release;
		};
/* End XCBuildConfiguration section */

/* Begin XCConfigurationList section */
		CBE77AC025588B2C00FBCCCB /* Build configuration list for PBXProject "OnboardingDemo" */ = {
			isa = XCConfigurationList;
			buildConfigurations = (
				CBE77AD225588B2E00FBCCCB /* Debug */,
				CBE77AD325588B2E00FBCCCB /* Release */,
			);
			defaultConfigurationIsVisible = 0;
			defaultConfigurationName = Release;
		};
		CBE77AD425588B2E00FBCCCB /* Build configuration list for PBXNativeTarget "OnboardingDemo" */ = {
			isa = XCConfigurationList;
			buildConfigurations = (
				CBE77AD525588B2E00FBCCCB /* Debug */,
				CBE77AD625588B2E00FBCCCB /* Release */,
			);
			defaultConfigurationIsVisible = 0;
			defaultConfigurationName = Release;
		};
/* End XCConfigurationList section */
	};
	rootObject = CBE77ABD25588B2C00FBCCCB /* Project object */;
}
